
Microsoft Visual Studio Solution File, Format Version 12.00
# Visual Studio Version 16
VisualStudioVersion = 16.0.31624.102
MinimumVisualStudioVersion = 10.0.40219.1
Project("{FAE04EC0-301F-11D3-BF4B-00C04F79EFBC}") = "ZepelimAuth.Business", "src\ZepelimAuth.Business\ZepelimAuth.Business.csproj", "{20342813-98B3-47A6-94B0-FD105A76F7E2}"
EndProject
Project("{FAE04EC0-301F-11D3-BF4B-00C04F79EFBC}") = "ZepelimAuth.Api", "src\ZepelimAuth.Api\ZepelimAuth.Api.csproj", "{3EAFDC00-133F-4626-BF6E-7AB0AF2053C7}"
EndProject
Project("{FAE04EC0-301F-11D3-BF4B-00C04F79EFBC}") = "ZepelimAuth.Data", "src\ZepelimAuth.Data\ZepelimAuth.Data.csproj", "{567E5523-856B-40B6-AA96-CD1362026F61}"
EndProject
Global
	GlobalSection(SolutionConfigurationPlatforms) = preSolution
		Debug|Any CPU = Debug|Any CPU
		Release|Any CPU = Release|Any CPU
	EndGlobalSection
	GlobalSection(ProjectConfigurationPlatforms) = postSolution
		{20342813-98B3-47A6-94B0-FD105A76F7E2}.Debug|Any CPU.ActiveCfg = Debug|Any CPU
		{20342813-98B3-47A6-94B0-FD105A76F7E2}.Debug|Any CPU.Build.0 = Debug|Any CPU
		{20342813-98B3-47A6-94B0-FD105A76F7E2}.Release|Any CPU.ActiveCfg = Release|Any CPU
		{20342813-98B3-47A6-94B0-FD105A76F7E2}.Release|Any CPU.Build.0 = Release|Any CPU
		{3EAFDC00-133F-4626-BF6E-7AB0AF2053C7}.Debug|Any CPU.ActiveCfg = Debug|Any CPU
		{3EAFDC00-133F-4626-BF6E-7AB0AF2053C7}.Debug|Any CPU.Build.0 = Debug|Any CPU
		{3EAFDC00-133F-4626-BF6E-7AB0AF2053C7}.Release|Any CPU.ActiveCfg = Release|Any CPU
		{3EAFDC00-133F-4626-BF6E-7AB0AF2053C7}.Release|Any CPU.Build.0 = Release|Any CPU
		{567E5523-856B-40B6-AA96-CD1362026F61}.Debug|Any CPU.ActiveCfg = Debug|Any CPU
		{567E5523-856B-40B6-AA96-CD1362026F61}.Debug|Any CPU.Build.0 = Debug|Any CPU
		{567E5523-856B-40B6-AA96-CD1362026F61}.Release|Any CPU.ActiveCfg = Release|Any CPU
		{567E5523-856B-40B6-AA96-CD1362026F61}.Release|Any CPU.Build.0 = Release|Any CPU
	EndGlobalSection
	GlobalSection(SolutionProperties) = preSolution
		HideSolutionNode = FALSE
	EndGlobalSection
	GlobalSection(ExtensibilityGlobals) = postSolution
		SolutionGuid = {FF062DFA-5D53-4A4F-A930-C506D05D5B9A}
	EndGlobalSection
EndGlobal
